
Microsoft Visual Studio Solution File, Format Version 12.00
# Visual Studio Version 16
VisualStudioVersion = 16.0.29025.244
MinimumVisualStudioVersion = 10.0.40219.1
Project("{FAE04EC0-301F-11D3-BF4B-00C04F79EFBC}") = "SignalRChat", "SignalRChat\SignalRChat.csproj", "{5E35FE6D-2AF0-4F7D-80E4-7187F7E40D37}"
EndProject
Project("{FAE04EC0-301F-11D3-BF4B-00C04F79EFBC}") = "WPFClient", "WPFClient\WPFClient.csproj", "{A6B34414-8E28-4289-9D6F-66E3B332DC26}"
EndProject
Project("{FAE04EC0-301F-11D3-BF4B-00C04F79EFBC}") = "Common", "Common\Common.csproj", "{110B0E72-4BDA-4759-A6C5-8ACBF586DF26}"
EndProject
Global
	GlobalSection(SolutionConfigurationPlatforms) = preSolution
		Debug|Any CPU = Debug|Any CPU
		Debug|ARM = Debug|ARM
		Debug|ARM64 = Debug|ARM64
		Debug|x64 = Debug|x64
		Debug|x86 = Debug|x86
		Release|Any CPU = Release|Any CPU
		Release|ARM = Release|ARM
		Release|ARM64 = Release|ARM64
		Release|x64 = Release|x64
		Release|x86 = Release|x86
	EndGlobalSection
	GlobalSection(ProjectConfigurationPlatforms) = postSolution
		{5E35FE6D-2AF0-4F7D-80E4-7187F7E40D37}.Debug|Any CPU.ActiveCfg = Debug|Any CPU
		{5E35FE6D-2AF0-4F7D-80E4-7187F7E40D37}.Debug|Any CPU.Build.0 = Debug|Any CPU
		{5E35FE6D-2AF0-4F7D-80E4-7187F7E40D37}.Debug|ARM.ActiveCfg = Debug|Any CPU
		{5E35FE6D-2AF0-4F7D-80E4-7187F7E40D37}.Debug|ARM.Build.0 = Debug|Any CPU
		{5E35FE6D-2AF0-4F7D-80E4-7187F7E40D37}.Debug|ARM64.ActiveCfg = Debug|Any CPU
		{5E35FE6D-2AF0-4F7D-80E4-7187F7E40D37}.Debug|ARM64.Build.0 = Debug|Any CPU
		{5E35FE6D-2AF0-4F7D-80E4-7187F7E40D37}.Debug|x64.ActiveCfg = Debug|Any CPU
		{5E35FE6D-2AF0-4F7D-80E4-7187F7E40D37}.Debug|x64.Build.0 = Debug|Any CPU
		{5E35FE6D-2AF0-4F7D-80E4-7187F7E40D37}.Debug|x86.ActiveCfg = Debug|Any CPU
		{5E35FE6D-2AF0-4F7D-80E4-7187F7E40D37}.Debug|x86.Build.0 = Debug|Any CPU
		{5E35FE6D-2AF0-4F7D-80E4-7187F7E40D37}.Release|Any CPU.ActiveCfg = Release|Any CPU
		{5E35FE6D-2AF0-4F7D-80E4-7187F7E40D37}.Release|Any CPU.Build.0 = Release|Any CPU
		{5E35FE6D-2AF0-4F7D-80E4-7187F7E40D37}.Release|ARM.ActiveCfg = Release|Any CPU
		{5E35FE6D-2AF0-4F7D-80E4-7187F7E40D37}.Release|ARM.Build.0 = Release|Any CPU
		{5E35FE6D-2AF0-4F7D-80E4-7187F7E40D37}.Release|ARM64.ActiveCfg = Release|Any CPU
		{5E35FE6D-2AF0-4F7D-80E4-7187F7E40D37}.Release|ARM64.Build.0 = Release|Any CPU
		{5E35FE6D-2AF0-4F7D-80E4-7187F7E40D37}.Release|x64.ActiveCfg = Release|Any CPU
		{5E35FE6D-2AF0-4F7D-80E4-7187F7E40D37}.Release|x64.Build.0 = Release|Any CPU
		{5E35FE6D-2AF0-4F7D-80E4-7187F7E40D37}.Release|x86.ActiveCfg = Release|Any CPU
		{5E35FE6D-2AF0-4F7D-80E4-7187F7E40D37}.Release|x86.Build.0 = Release|Any CPU
		{A6B34414-8E28-4289-9D6F-66E3B332DC26}.Debug|Any CPU.ActiveCfg = Debug|Any CPU
		{A6B34414-8E28-4289-9D6F-66E3B332DC26}.Debug|Any CPU.Build.0 = Debug|Any CPU
		{A6B34414-8E28-4289-9D6F-66E3B332DC26}.Debug|ARM.ActiveCfg = Debug|Any CPU
		{A6B34414-8E28-4289-9D6F-66E3B332DC26}.Debug|ARM.Build.0 = Debug|Any CPU
		{A6B34414-8E28-4289-9D6F-66E3B332DC26}.Debug|ARM64.ActiveCfg = Debug|Any CPU
		{A6B34414-8E28-4289-9D6F-66E3B332DC26}.Debug|ARM64.Build.0 = Debug|Any CPU
		{A6B34414-8E28-4289-9D6F-66E3B332DC26}.Debug|x64.ActiveCfg = Debug|Any CPU
		{A6B34414-8E28-4289-9D6F-66E3B332DC26}.Debug|x64.Build.0 = Debug|Any CPU
		{A6B34414-8E28-4289-9D6F-66E3B332DC26}.Debug|x86.ActiveCfg = Debug|Any CPU
		{A6B34414-8E28-4289-9D6F-66E3B332DC26}.Debug|x86.Build.0 = Debug|Any CPU
		{A6B34414-8E28-4289-9D6F-66E3B332DC26}.Release|Any CPU.ActiveCfg = Release|Any CPU
		{A6B34414-8E28-4289-9D6F-66E3B332DC26}.Release|Any CPU.Build.0 = Release|Any CPU
		{A6B34414-8E28-4289-9D6F-66E3B332DC26}.Release|ARM.ActiveCfg = Release|Any CPU
		{A6B34414-8E28-4289-9D6F-66E3B332DC26}.Release|ARM.Build.0 = Release|Any CPU
		{A6B34414-8E28-4289-9D6F-66E3B332DC26}.Release|ARM64.ActiveCfg = Release|Any CPU
		{A6B34414-8E28-4289-9D6F-66E3B332DC26}.Release|ARM64.Build.0 = Release|Any CPU
		{A6B34414-8E28-4289-9D6F-66E3B332DC26}.Release|x64.ActiveCfg = Release|Any CPU
		{A6B34414-8E28-4289-9D6F-66E3B332DC26}.Release|x64.Build.0 = Release|Any CPU
		{A6B34414-8E28-4289-9D6F-66E3B332DC26}.Release|x86.ActiveCfg = Release|Any CPU
		{A6B34414-8E28-4289-9D6F-66E3B332DC26}.Release|x86.Build.0 = Release|Any CPU
		{110B0E72-4BDA-4759-A6C5-8ACBF586DF26}.Debug|Any CPU.ActiveCfg = Debug|Any CPU
		{110B0E72-4BDA-4759-A6C5-8ACBF586DF26}.Debug|Any CPU.Build.0 = Debug|Any CPU
		{110B0E72-4BDA-4759-A6C5-8ACBF586DF26}.Debug|ARM.ActiveCfg = Debug|Any CPU
		{110B0E72-4BDA-4759-A6C5-8ACBF586DF26}.Debug|ARM.Build.0 = Debug|Any CPU
		{110B0E72-4BDA-4759-A6C5-8ACBF586DF26}.Debug|ARM64.ActiveCfg = Debug|Any CPU
		{110B0E72-4BDA-4759-A6C5-8ACBF586DF26}.Debug|ARM64.Build.0 = Debug|Any CPU
		{110B0E72-4BDA-4759-A6C5-8ACBF586DF26}.Debug|x64.ActiveCfg = Debug|Any CPU
		{110B0E72-4BDA-4759-A6C5-8ACBF586DF26}.Debug|x64.Build.0 = Debug|Any CPU
		{110B0E72-4BDA-4759-A6C5-8ACBF586DF26}.Debug|x86.ActiveCfg = Debug|Any CPU
		{110B0E72-4BDA-4759-A6C5-8ACBF586DF26}.Debug|x86.Build.0 = Debug|Any CPU
		{110B0E72-4BDA-4759-A6C5-8ACBF586DF26}.Release|Any CPU.ActiveCfg = Release|Any CPU
		{110B0E72-4BDA-4759-A6C5-8ACBF586DF26}.Release|Any CPU.Build.0 = Release|Any CPU
		{110B0E72-4BDA-4759-A6C5-8ACBF586DF26}.Release|ARM.ActiveCfg = Release|Any CPU
		{110B0E72-4BDA-4759-A6C5-8ACBF586DF26}.Release|ARM.Build.0 = Release|Any CPU
		{110B0E72-4BDA-4759-A6C5-8ACBF586DF26}.Release|ARM64.ActiveCfg = Release|Any CPU
		{110B0E72-4BDA-4759-A6C5-8ACBF586DF26}.Release|ARM64.Build.0 = Release|Any CPU
		{110B0E72-4BDA-4759-A6C5-8ACBF586DF26}.Release|x64.ActiveCfg = Release|Any CPU
		{110B0E72-4BDA-4759-A6C5-8ACBF586DF26}.Release|x64.Build.0 = Release|Any CPU
		{110B0E72-4BDA-4759-A6C5-8ACBF586DF26}.Release|x86.ActiveCfg = Release|Any CPU
		{110B0E72-4BDA-4759-A6C5-8ACBF586DF26}.Release|x86.Build.0 = Release|Any CPU
	EndGlobalSection
	GlobalSection(SolutionProperties) = preSolution
		HideSolutionNode = FALSE
	EndGlobalSection
	GlobalSection(ExtensibilityGlobals) = postSolution
		SolutionGuid = {5CA0FB8C-9905-46E4-BDAE-285598C5C7AF}
	EndGlobalSection
EndGlobal
